
Microsoft Visual Studio Solution File, Format Version 12.00
# Visual Studio Version 17
VisualStudioVersion = 17.7.34221.43
MinimumVisualStudioVersion = 10.0.40219.1
Project("{8BC9CEB8-8B4A-11D0-8D11-00A0C91BC942}") = "HomeWork (MultiTriangleClass)", "HomeWork (MultiTriangleClass).vcxproj", "{BEA34DBA-1181-42FD-A9C8-6A121A6DE4AB}"
EndProject
Global
	GlobalSection(SolutionConfigurationPlatforms) = preSolution
		Debug|x64 = Debug|x64
		Debug|x86 = Debug|x86
		Release|x64 = Release|x64
		Release|x86 = Release|x86
	EndGlobalSection
	GlobalSection(ProjectConfigurationPlatforms) = postSolution
		{BEA34DBA-1181-42FD-A9C8-6A121A6DE4AB}.Debug|x64.ActiveCfg = Debug|x64
		{BEA34DBA-1181-42FD-A9C8-6A121A6DE4AB}.Debug|x64.Build.0 = Debug|x64
		{BEA34DBA-1181-42FD-A9C8-6A121A6DE4AB}.Debug|x86.ActiveCfg = Debug|Win32
		{BEA34DBA-1181-42FD-A9C8-6A121A6DE4AB}.Debug|x86.Build.0 = Debug|Win32
		{BEA34DBA-1181-42FD-A9C8-6A121A6DE4AB}.Release|x64.ActiveCfg = Release|x64
		{BEA34DBA-1181-42FD-A9C8-6A121A6DE4AB}.Release|x64.Build.0 = Release|x64
		{BEA34DBA-1181-42FD-A9C8-6A121A6DE4AB}.Release|x86.ActiveCfg = Release|Win32
		{BEA34DBA-1181-42FD-A9C8-6A121A6DE4AB}.Release|x86.Build.0 = Release|Win32
	EndGlobalSection
	GlobalSection(SolutionProperties) = preSolution
		HideSolutionNode = FALSE
	EndGlobalSection
	GlobalSection(ExtensibilityGlobals) = postSolution
		SolutionGuid = {8B5DB654-CB83-41AA-AF5A-0072F278FD1B}
	EndGlobalSection
EndGlobal
